
Microsoft Visual Studio Solution File, Format Version 12.00
# Visual Studio 15
VisualStudioVersion = 15.0.26124.0
MinimumVisualStudioVersion = 15.0.26124.0
Project("{FAE04EC0-301F-11D3-BF4B-00C04F79EFBC}") = "API", "API\API.csproj", "{DDC2ECF8-81B5-4793-8E2C-A29DE6725A31}"
EndProject
Project("{FAE04EC0-301F-11D3-BF4B-00C04F79EFBC}") = "Core", "Core\Core.csproj", "{BAA7648E-0287-466D-82A2-7B87242A7B9B}"
EndProject
Project("{FAE04EC0-301F-11D3-BF4B-00C04F79EFBC}") = "Infrastructure", "Infrastructure\Infrastructure.csproj", "{41FEB07F-173C-4E4F-93F6-383DBAE18CBC}"
EndProject
Global
	GlobalSection(SolutionConfigurationPlatforms) = preSolution
		Debug|Any CPU = Debug|Any CPU
		Debug|x64 = Debug|x64
		Debug|x86 = Debug|x86
		Release|Any CPU = Release|Any CPU
		Release|x64 = Release|x64
		Release|x86 = Release|x86
	EndGlobalSection
	GlobalSection(SolutionProperties) = preSolution
		HideSolutionNode = FALSE
	EndGlobalSection
	GlobalSection(ProjectConfigurationPlatforms) = postSolution
		{DDC2ECF8-81B5-4793-8E2C-A29DE6725A31}.Debug|Any CPU.ActiveCfg = Debug|Any CPU
		{DDC2ECF8-81B5-4793-8E2C-A29DE6725A31}.Debug|Any CPU.Build.0 = Debug|Any CPU
		{DDC2ECF8-81B5-4793-8E2C-A29DE6725A31}.Debug|x64.ActiveCfg = Debug|Any CPU
		{DDC2ECF8-81B5-4793-8E2C-A29DE6725A31}.Debug|x64.Build.0 = Debug|Any CPU
		{DDC2ECF8-81B5-4793-8E2C-A29DE6725A31}.Debug|x86.ActiveCfg = Debug|Any CPU
		{DDC2ECF8-81B5-4793-8E2C-A29DE6725A31}.Debug|x86.Build.0 = Debug|Any CPU
		{DDC2ECF8-81B5-4793-8E2C-A29DE6725A31}.Release|Any CPU.ActiveCfg = Release|Any CPU
		{DDC2ECF8-81B5-4793-8E2C-A29DE6725A31}.Release|Any CPU.Build.0 = Release|Any CPU
		{DDC2ECF8-81B5-4793-8E2C-A29DE6725A31}.Release|x64.ActiveCfg = Release|Any CPU
		{DDC2ECF8-81B5-4793-8E2C-A29DE6725A31}.Release|x64.Build.0 = Release|Any CPU
		{DDC2ECF8-81B5-4793-8E2C-A29DE6725A31}.Release|x86.ActiveCfg = Release|Any CPU
		{DDC2ECF8-81B5-4793-8E2C-A29DE6725A31}.Release|x86.Build.0 = Release|Any CPU
		{BAA7648E-0287-466D-82A2-7B87242A7B9B}.Debug|Any CPU.ActiveCfg = Debug|Any CPU
		{BAA7648E-0287-466D-82A2-7B87242A7B9B}.Debug|Any CPU.Build.0 = Debug|Any CPU
		{BAA7648E-0287-466D-82A2-7B87242A7B9B}.Debug|x64.ActiveCfg = Debug|Any CPU
		{BAA7648E-0287-466D-82A2-7B87242A7B9B}.Debug|x64.Build.0 = Debug|Any CPU
		{BAA7648E-0287-466D-82A2-7B87242A7B9B}.Debug|x86.ActiveCfg = Debug|Any CPU
		{BAA7648E-0287-466D-82A2-7B87242A7B9B}.Debug|x86.Build.0 = Debug|Any CPU
		{BAA7648E-0287-466D-82A2-7B87242A7B9B}.Release|Any CPU.ActiveCfg = Release|Any CPU
		{BAA7648E-0287-466D-82A2-7B87242A7B9B}.Release|Any CPU.Build.0 = Release|Any CPU
		{BAA7648E-0287-466D-82A2-7B87242A7B9B}.Release|x64.ActiveCfg = Release|Any CPU
		{BAA7648E-0287-466D-82A2-7B87242A7B9B}.Release|x64.Build.0 = Release|Any CPU
		{BAA7648E-0287-466D-82A2-7B87242A7B9B}.Release|x86.ActiveCfg = Release|Any CPU
		{BAA7648E-0287-466D-82A2-7B87242A7B9B}.Release|x86.Build.0 = Release|Any CPU
		{41FEB07F-173C-4E4F-93F6-383DBAE18CBC}.Debug|Any CPU.ActiveCfg = Debug|Any CPU
		{41FEB07F-173C-4E4F-93F6-383DBAE18CBC}.Debug|Any CPU.Build.0 = Debug|Any CPU
		{41FEB07F-173C-4E4F-93F6-383DBAE18CBC}.Debug|x64.ActiveCfg = Debug|Any CPU
		{41FEB07F-173C-4E4F-93F6-383DBAE18CBC}.Debug|x64.Build.0 = Debug|Any CPU
		{41FEB07F-173C-4E4F-93F6-383DBAE18CBC}.Debug|x86.ActiveCfg = Debug|Any CPU
		{41FEB07F-173C-4E4F-93F6-383DBAE18CBC}.Debug|x86.Build.0 = Debug|Any CPU
		{41FEB07F-173C-4E4F-93F6-383DBAE18CBC}.Release|Any CPU.ActiveCfg = Release|Any CPU
		{41FEB07F-173C-4E4F-93F6-383DBAE18CBC}.Release|Any CPU.Build.0 = Release|Any CPU
		{41FEB07F-173C-4E4F-93F6-383DBAE18CBC}.Release|x64.ActiveCfg = Release|Any CPU
		{41FEB07F-173C-4E4F-93F6-383DBAE18CBC}.Release|x64.Build.0 = Release|Any CPU
		{41FEB07F-173C-4E4F-93F6-383DBAE18CBC}.Release|x86.ActiveCfg = Release|Any CPU
		{41FEB07F-173C-4E4F-93F6-383DBAE18CBC}.Release|x86.Build.0 = Release|Any CPU
	EndGlobalSection
EndGlobal
